
Microsoft Visual Studio Solution File, Format Version 12.00
# Visual Studio Version 16
VisualStudioVersion = 16.0.31702.278
MinimumVisualStudioVersion = 10.0.40219.1
Project("{FAE04EC0-301F-11D3-BF4B-00C04F79EFBC}") = "Challenge1Console", "Challenge1Console\Challenge1Console.csproj", "{52FC59A6-CF0F-4DA3-B991-7781FB9484BA}"
EndProject
Project("{FAE04EC0-301F-11D3-BF4B-00C04F79EFBC}") = "Challenge1Classes", "Challenge1Classes\Challenge1Classes.csproj", "{96004F36-1C1D-42A5-A505-8BB7E7EC86BE}"
EndProject
Project("{FAE04EC0-301F-11D3-BF4B-00C04F79EFBC}") = "Challenge1Tests", "Challenge1Tests\Challenge1Tests.csproj", "{1EC5B668-9136-4C0D-8DB4-F02C420BBFDA}"
EndProject
Project("{FAE04EC0-301F-11D3-BF4B-00C04F79EFBC}") = "Challenge2Console", "Challenge2Console\Challenge2Console.csproj", "{B4DA5E5E-55EF-4F37-BDDB-7B423C9691F9}"
EndProject
Project("{FAE04EC0-301F-11D3-BF4B-00C04F79EFBC}") = "Challenge2Classes", "Challenge2Classes\Challenge2Classes.csproj", "{C5735975-6007-490F-89AA-105188CBD75B}"
EndProject
Project("{FAE04EC0-301F-11D3-BF4B-00C04F79EFBC}") = "Challenge2Tests", "Challenge2Tests\Challenge2Tests.csproj", "{27F30667-7DFF-4370-B77A-76A1513C4DF4}"
EndProject
Project("{2150E333-8FDC-42A3-9474-1A3956D46DE8}") = "Challenge1", "Challenge1", "{F6B6DDDB-6B9F-4330-B30C-A032BA14C5F3}"
EndProject
Project("{2150E333-8FDC-42A3-9474-1A3956D46DE8}") = "Challenge2", "Challenge2", "{72E13F06-462D-46C7-9101-4F9AE4987099}"
EndProject
Project("{2150E333-8FDC-42A3-9474-1A3956D46DE8}") = "Challenge3", "Challenge3", "{EDDEE0A9-FDE6-440A-A091-883287F1B844}"
EndProject
Project("{FAE04EC0-301F-11D3-BF4B-00C04F79EFBC}") = "Challenge3Classes", "Challenge3Classes\Challenge3Classes.csproj", "{45341129-F9C8-4F15-AC55-C5C43D22A9AE}"
EndProject
Project("{FAE04EC0-301F-11D3-BF4B-00C04F79EFBC}") = "Challenge3Tests", "Challenge3Tests\Challenge3Tests.csproj", "{B17E19A3-94D2-4BCD-8ADF-0A9D45E6CE19}"
EndProject
Project("{FAE04EC0-301F-11D3-BF4B-00C04F79EFBC}") = "Challenge3Console", "Challenge3Console\Challenge3Console.csproj", "{4FD09EE1-863A-4F7C-A7DF-7B0F39478E00}"
EndProject
Global
	GlobalSection(SolutionConfigurationPlatforms) = preSolution
		Debug|Any CPU = Debug|Any CPU
		Release|Any CPU = Release|Any CPU
	EndGlobalSection
	GlobalSection(ProjectConfigurationPlatforms) = postSolution
		{52FC59A6-CF0F-4DA3-B991-7781FB9484BA}.Debug|Any CPU.ActiveCfg = Debug|Any CPU
		{52FC59A6-CF0F-4DA3-B991-7781FB9484BA}.Debug|Any CPU.Build.0 = Debug|Any CPU
		{52FC59A6-CF0F-4DA3-B991-7781FB9484BA}.Release|Any CPU.ActiveCfg = Release|Any CPU
		{52FC59A6-CF0F-4DA3-B991-7781FB9484BA}.Release|Any CPU.Build.0 = Release|Any CPU
		{96004F36-1C1D-42A5-A505-8BB7E7EC86BE}.Debug|Any CPU.ActiveCfg = Debug|Any CPU
		{96004F36-1C1D-42A5-A505-8BB7E7EC86BE}.Debug|Any CPU.Build.0 = Debug|Any CPU
		{96004F36-1C1D-42A5-A505-8BB7E7EC86BE}.Release|Any CPU.ActiveCfg = Release|Any CPU
		{96004F36-1C1D-42A5-A505-8BB7E7EC86BE}.Release|Any CPU.Build.0 = Release|Any CPU
		{1EC5B668-9136-4C0D-8DB4-F02C420BBFDA}.Debug|Any CPU.ActiveCfg = Debug|Any CPU
		{1EC5B668-9136-4C0D-8DB4-F02C420BBFDA}.Debug|Any CPU.Build.0 = Debug|Any CPU
		{1EC5B668-9136-4C0D-8DB4-F02C420BBFDA}.Release|Any CPU.ActiveCfg = Release|Any CPU
		{1EC5B668-9136-4C0D-8DB4-F02C420BBFDA}.Release|Any CPU.Build.0 = Release|Any CPU
		{B4DA5E5E-55EF-4F37-BDDB-7B423C9691F9}.Debug|Any CPU.ActiveCfg = Debug|Any CPU
		{B4DA5E5E-55EF-4F37-BDDB-7B423C9691F9}.Debug|Any CPU.Build.0 = Debug|Any CPU
		{B4DA5E5E-55EF-4F37-BDDB-7B423C9691F9}.Release|Any CPU.ActiveCfg = Release|Any CPU
		{B4DA5E5E-55EF-4F37-BDDB-7B423C9691F9}.Release|Any CPU.Build.0 = Release|Any CPU
		{C5735975-6007-490F-89AA-105188CBD75B}.Debug|Any CPU.ActiveCfg = Debug|Any CPU
		{C5735975-6007-490F-89AA-105188CBD75B}.Debug|Any CPU.Build.0 = Debug|Any CPU
		{C5735975-6007-490F-89AA-105188CBD75B}.Release|Any CPU.ActiveCfg = Release|Any CPU
		{C5735975-6007-490F-89AA-105188CBD75B}.Release|Any CPU.Build.0 = Release|Any CPU
		{27F30667-7DFF-4370-B77A-76A1513C4DF4}.Debug|Any CPU.ActiveCfg = Debug|Any CPU
		{27F30667-7DFF-4370-B77A-76A1513C4DF4}.Debug|Any CPU.Build.0 = Debug|Any CPU
		{27F30667-7DFF-4370-B77A-76A1513C4DF4}.Release|Any CPU.ActiveCfg = Release|Any CPU
		{27F30667-7DFF-4370-B77A-76A1513C4DF4}.Release|Any CPU.Build.0 = Release|Any CPU
		{45341129-F9C8-4F15-AC55-C5C43D22A9AE}.Debug|Any CPU.ActiveCfg = Debug|Any CPU
		{45341129-F9C8-4F15-AC55-C5C43D22A9AE}.Debug|Any CPU.Build.0 = Debug|Any CPU
		{45341129-F9C8-4F15-AC55-C5C43D22A9AE}.Release|Any CPU.ActiveCfg = Release|Any CPU
		{45341129-F9C8-4F15-AC55-C5C43D22A9AE}.Release|Any CPU.Build.0 = Release|Any CPU
		{B17E19A3-94D2-4BCD-8ADF-0A9D45E6CE19}.Debug|Any CPU.ActiveCfg = Debug|Any CPU
		{B17E19A3-94D2-4BCD-8ADF-0A9D45E6CE19}.Debug|Any CPU.Build.0 = Debug|Any CPU
		{B17E19A3-94D2-4BCD-8ADF-0A9D45E6CE19}.Release|Any CPU.ActiveCfg = Release|Any CPU
		{B17E19A3-94D2-4BCD-8ADF-0A9D45E6CE19}.Release|Any CPU.Build.0 = Release|Any CPU
		{4FD09EE1-863A-4F7C-A7DF-7B0F39478E00}.Debug|Any CPU.ActiveCfg = Debug|Any CPU
		{4FD09EE1-863A-4F7C-A7DF-7B0F39478E00}.Debug|Any CPU.Build.0 = Debug|Any CPU
		{4FD09EE1-863A-4F7C-A7DF-7B0F39478E00}.Release|Any CPU.ActiveCfg = Release|Any CPU
		{4FD09EE1-863A-4F7C-A7DF-7B0F39478E00}.Release|Any CPU.Build.0 = Release|Any CPU
	EndGlobalSection
	GlobalSection(SolutionProperties) = preSolution
		HideSolutionNode = FALSE
	EndGlobalSection
	GlobalSection(NestedProjects) = preSolution
		{52FC59A6-CF0F-4DA3-B991-7781FB9484BA} = {F6B6DDDB-6B9F-4330-B30C-A032BA14C5F3}
		{96004F36-1C1D-42A5-A505-8BB7E7EC86BE} = {F6B6DDDB-6B9F-4330-B30C-A032BA14C5F3}
		{1EC5B668-9136-4C0D-8DB4-F02C420BBFDA} = {F6B6DDDB-6B9F-4330-B30C-A032BA14C5F3}
		{B4DA5E5E-55EF-4F37-BDDB-7B423C9691F9} = {72E13F06-462D-46C7-9101-4F9AE4987099}
		{C5735975-6007-490F-89AA-105188CBD75B} = {72E13F06-462D-46C7-9101-4F9AE4987099}
		{27F30667-7DFF-4370-B77A-76A1513C4DF4} = {72E13F06-462D-46C7-9101-4F9AE4987099}
		{45341129-F9C8-4F15-AC55-C5C43D22A9AE} = {EDDEE0A9-FDE6-440A-A091-883287F1B844}
		{B17E19A3-94D2-4BCD-8ADF-0A9D45E6CE19} = {EDDEE0A9-FDE6-440A-A091-883287F1B844}
		{4FD09EE1-863A-4F7C-A7DF-7B0F39478E00} = {EDDEE0A9-FDE6-440A-A091-883287F1B844}
	EndGlobalSection
	GlobalSection(ExtensibilityGlobals) = postSolution
		SolutionGuid = {A95D3B1D-3450-4344-B771-0817B466320D}
	EndGlobalSection
EndGlobal
